
Microsoft Visual Studio Solution File, Format Version 12.00
# Visual Studio 2012
Project("{FAE04EC0-301F-11D3-BF4B-00C04F79EFBC}") = "AppMobiWP8CameraTemplate", "AppMobiWP8CameraTemplate\AppMobiWP8CameraTemplate.csproj", "{4CEA2DF0-1247-4930-B7CE-710B8BA56AC0}"
EndProject
Project("{FAE04EC0-301F-11D3-BF4B-00C04F79EFBC}") = "appMobiWebViewWP8", "..\..\window8\appMobiWebViewWP8\appMobiWebViewWP8.csproj", "{F8A6FAF7-CFD4-4E10-AF82-B72281646A65}"
EndProject
Project("{FAE04EC0-301F-11D3-BF4B-00C04F79EFBC}") = "AppMobiWP8ContactsTemplate", "..\AppMobiWP8ContactsTemplate\AppMobiWP8ContactsTemplate.csproj", "{08032B61-6A47-494C-8A5B-3BABC77DA516}"
EndProject
Project("{FAE04EC0-301F-11D3-BF4B-00C04F79EFBC}") = "appMobiCloudServicesWP8", "..\..\window8\appMobiCloudServicesWP8\appMobiCloudServicesWP8.csproj", "{68722382-D9D8-4800-9ADE-5CC0A75E2178}"
EndProject
Project("{FAE04EC0-301F-11D3-BF4B-00C04F79EFBC}") = "AppMobiWP8AccelerometerTemplate", "..\AppMobiWP8AccelerometerTemplate\AppMobiWP8AccelerometerTemplate\AppMobiWP8AccelerometerTemplate.csproj", "{C58F411E-9C2D-455C-85DC-9F451365D067}"
EndProject
Project("{FAE04EC0-301F-11D3-BF4B-00C04F79EFBC}") = "AppMobiWP8SimpleJqMobiTemplate", "..\..\window8\AppMobiWP8SimpleJqMobiTemplate\AppMobiWP8SimpleJqMobiTemplate\AppMobiWP8SimpleJqMobiTemplate.csproj", "{7B301EA4-A340-4879-B02E-4744C9C45A8A}"
EndProject
Project("{FAE04EC0-301F-11D3-BF4B-00C04F79EFBC}") = "AppMobiWP8SampleGameTemplate", "..\..\window8\AppMobiWP8SampleGameTemplate\AppMobiWP8SampleGameTemplate\AppMobiWP8SampleGameTemplate.csproj", "{404068F1-B6C7-4233-B124-226FFBBD2F7C}"
EndProject
Project("{FAE04EC0-301F-11D3-BF4B-00C04F79EFBC}") = "AppMobiWP8JqMobiKitchenSinkTemplate", "..\..\window8\AppMobiWP8JqMobiKitchenSinkTemplate\AppMobiWP8JqMobiKitchenSinkTemplate\AppMobiWP8JqMobiKitchenSinkTemplate.csproj", "{57003F94-0FC4-4719-ACC7-5F71B06661D4}"
EndProject
Project("{FAE04EC0-301F-11D3-BF4B-00C04F79EFBC}") = "AppMobiWP8HelloWorldTemplate", "..\..\window8\AppMobiWP8HelloWorldTemplate\AppMobiWP8HelloWorldTemplate\AppMobiWP8HelloWorldTemplate.csproj", "{CDB16A68-0225-4C55-8C8F-9FDCD16AF2C7}"
EndProject
Project("{FAE04EC0-301F-11D3-BF4B-00C04F79EFBC}") = "AppMobiWP8MicrophoneTemplate", "AppMobiWP8MicrophoneTemplate\AppMobiWP8MicrophoneTemplate.csproj", "{9A33B07A-6A16-4272-964F-C7F3B5BDEC45}"
EndProject
Global
	GlobalSection(SolutionConfigurationPlatforms) = preSolution
		Debug|Any CPU = Debug|Any CPU
		Debug|ARM = Debug|ARM
		Debug|x86 = Debug|x86
		Release|Any CPU = Release|Any CPU
		Release|ARM = Release|ARM
		Release|x86 = Release|x86
	EndGlobalSection
	GlobalSection(ProjectConfigurationPlatforms) = postSolution
		{4CEA2DF0-1247-4930-B7CE-710B8BA56AC0}.Debug|Any CPU.ActiveCfg = Debug|Any CPU
		{4CEA2DF0-1247-4930-B7CE-710B8BA56AC0}.Debug|Any CPU.Build.0 = Debug|Any CPU
		{4CEA2DF0-1247-4930-B7CE-710B8BA56AC0}.Debug|Any CPU.Deploy.0 = Debug|Any CPU
		{4CEA2DF0-1247-4930-B7CE-710B8BA56AC0}.Debug|ARM.ActiveCfg = Debug|ARM
		{4CEA2DF0-1247-4930-B7CE-710B8BA56AC0}.Debug|ARM.Build.0 = Debug|ARM
		{4CEA2DF0-1247-4930-B7CE-710B8BA56AC0}.Debug|ARM.Deploy.0 = Debug|ARM
		{4CEA2DF0-1247-4930-B7CE-710B8BA56AC0}.Debug|x86.ActiveCfg = Debug|x86
		{4CEA2DF0-1247-4930-B7CE-710B8BA56AC0}.Debug|x86.Build.0 = Debug|x86
		{4CEA2DF0-1247-4930-B7CE-710B8BA56AC0}.Debug|x86.Deploy.0 = Debug|x86
		{4CEA2DF0-1247-4930-B7CE-710B8BA56AC0}.Release|Any CPU.ActiveCfg = Release|Any CPU
		{4CEA2DF0-1247-4930-B7CE-710B8BA56AC0}.Release|Any CPU.Build.0 = Release|Any CPU
		{4CEA2DF0-1247-4930-B7CE-710B8BA56AC0}.Release|Any CPU.Deploy.0 = Release|Any CPU
		{4CEA2DF0-1247-4930-B7CE-710B8BA56AC0}.Release|ARM.ActiveCfg = Release|ARM
		{4CEA2DF0-1247-4930-B7CE-710B8BA56AC0}.Release|ARM.Build.0 = Release|ARM
		{4CEA2DF0-1247-4930-B7CE-710B8BA56AC0}.Release|ARM.Deploy.0 = Release|ARM
		{4CEA2DF0-1247-4930-B7CE-710B8BA56AC0}.Release|x86.ActiveCfg = Release|x86
		{4CEA2DF0-1247-4930-B7CE-710B8BA56AC0}.Release|x86.Build.0 = Release|x86
		{4CEA2DF0-1247-4930-B7CE-710B8BA56AC0}.Release|x86.Deploy.0 = Release|x86
		{F8A6FAF7-CFD4-4E10-AF82-B72281646A65}.Debug|Any CPU.ActiveCfg = Debug|Any CPU
		{F8A6FAF7-CFD4-4E10-AF82-B72281646A65}.Debug|Any CPU.Build.0 = Debug|Any CPU
		{F8A6FAF7-CFD4-4E10-AF82-B72281646A65}.Debug|ARM.ActiveCfg = Debug|ARM
		{F8A6FAF7-CFD4-4E10-AF82-B72281646A65}.Debug|ARM.Build.0 = Debug|ARM
		{F8A6FAF7-CFD4-4E10-AF82-B72281646A65}.Debug|x86.ActiveCfg = Debug|x86
		{F8A6FAF7-CFD4-4E10-AF82-B72281646A65}.Debug|x86.Build.0 = Debug|x86
		{F8A6FAF7-CFD4-4E10-AF82-B72281646A65}.Release|Any CPU.ActiveCfg = Release|Any CPU
		{F8A6FAF7-CFD4-4E10-AF82-B72281646A65}.Release|Any CPU.Build.0 = Release|Any CPU
		{F8A6FAF7-CFD4-4E10-AF82-B72281646A65}.Release|ARM.ActiveCfg = Release|ARM
		{F8A6FAF7-CFD4-4E10-AF82-B72281646A65}.Release|ARM.Build.0 = Release|ARM
		{F8A6FAF7-CFD4-4E10-AF82-B72281646A65}.Release|x86.ActiveCfg = Release|x86
		{F8A6FAF7-CFD4-4E10-AF82-B72281646A65}.Release|x86.Build.0 = Release|x86
		{08032B61-6A47-494C-8A5B-3BABC77DA516}.Debug|Any CPU.ActiveCfg = Debug|Any CPU
		{08032B61-6A47-494C-8A5B-3BABC77DA516}.Debug|Any CPU.Build.0 = Debug|Any CPU
		{08032B61-6A47-494C-8A5B-3BABC77DA516}.Debug|Any CPU.Deploy.0 = Debug|Any CPU
		{08032B61-6A47-494C-8A5B-3BABC77DA516}.Debug|ARM.ActiveCfg = Debug|ARM
		{08032B61-6A47-494C-8A5B-3BABC77DA516}.Debug|ARM.Build.0 = Debug|ARM
		{08032B61-6A47-494C-8A5B-3BABC77DA516}.Debug|ARM.Deploy.0 = Debug|ARM
		{08032B61-6A47-494C-8A5B-3BABC77DA516}.Debug|x86.ActiveCfg = Debug|x86
		{08032B61-6A47-494C-8A5B-3BABC77DA516}.Debug|x86.Build.0 = Debug|x86
		{08032B61-6A47-494C-8A5B-3BABC77DA516}.Debug|x86.Deploy.0 = Debug|x86
		{08032B61-6A47-494C-8A5B-3BABC77DA516}.Release|Any CPU.ActiveCfg = Release|Any CPU
		{08032B61-6A47-494C-8A5B-3BABC77DA516}.Release|Any CPU.Build.0 = Release|Any CPU
		{08032B61-6A47-494C-8A5B-3BABC77DA516}.Release|Any CPU.Deploy.0 = Release|Any CPU
		{08032B61-6A47-494C-8A5B-3BABC77DA516}.Release|ARM.ActiveCfg = Release|ARM
		{08032B61-6A47-494C-8A5B-3BABC77DA516}.Release|ARM.Build.0 = Release|ARM
		{08032B61-6A47-494C-8A5B-3BABC77DA516}.Release|ARM.Deploy.0 = Release|ARM
		{08032B61-6A47-494C-8A5B-3BABC77DA516}.Release|x86.ActiveCfg = Release|x86
		{08032B61-6A47-494C-8A5B-3BABC77DA516}.Release|x86.Build.0 = Release|x86
		{08032B61-6A47-494C-8A5B-3BABC77DA516}.Release|x86.Deploy.0 = Release|x86
		{68722382-D9D8-4800-9ADE-5CC0A75E2178}.Debug|Any CPU.ActiveCfg = Debug|Any CPU
		{68722382-D9D8-4800-9ADE-5CC0A75E2178}.Debug|Any CPU.Build.0 = Debug|Any CPU
		{68722382-D9D8-4800-9ADE-5CC0A75E2178}.Debug|ARM.ActiveCfg = Debug|ARM
		{68722382-D9D8-4800-9ADE-5CC0A75E2178}.Debug|ARM.Build.0 = Debug|ARM
		{68722382-D9D8-4800-9ADE-5CC0A75E2178}.Debug|x86.ActiveCfg = Debug|x86
		{68722382-D9D8-4800-9ADE-5CC0A75E2178}.Debug|x86.Build.0 = Debug|x86
		{68722382-D9D8-4800-9ADE-5CC0A75E2178}.Release|Any CPU.ActiveCfg = Release|Any CPU
		{68722382-D9D8-4800-9ADE-5CC0A75E2178}.Release|Any CPU.Build.0 = Release|Any CPU
		{68722382-D9D8-4800-9ADE-5CC0A75E2178}.Release|ARM.ActiveCfg = Release|ARM
		{68722382-D9D8-4800-9ADE-5CC0A75E2178}.Release|ARM.Build.0 = Release|ARM
		{68722382-D9D8-4800-9ADE-5CC0A75E2178}.Release|x86.ActiveCfg = Release|x86
		{68722382-D9D8-4800-9ADE-5CC0A75E2178}.Release|x86.Build.0 = Release|x86
		{C58F411E-9C2D-455C-85DC-9F451365D067}.Debug|Any CPU.ActiveCfg = Debug|Any CPU
		{C58F411E-9C2D-455C-85DC-9F451365D067}.Debug|Any CPU.Build.0 = Debug|Any CPU
		{C58F411E-9C2D-455C-85DC-9F451365D067}.Debug|Any CPU.Deploy.0 = Debug|Any CPU
		{C58F411E-9C2D-455C-85DC-9F451365D067}.Debug|ARM.ActiveCfg = Debug|ARM
		{C58F411E-9C2D-455C-85DC-9F451365D067}.Debug|ARM.Build.0 = Debug|ARM
		{C58F411E-9C2D-455C-85DC-9F451365D067}.Debug|ARM.Deploy.0 = Debug|ARM
		{C58F411E-9C2D-455C-85DC-9F451365D067}.Debug|x86.ActiveCfg = Debug|x86
		{C58F411E-9C2D-455C-85DC-9F451365D067}.Debug|x86.Build.0 = Debug|x86
		{C58F411E-9C2D-455C-85DC-9F451365D067}.Debug|x86.Deploy.0 = Debug|x86
		{C58F411E-9C2D-455C-85DC-9F451365D067}.Release|Any CPU.ActiveCfg = Release|Any CPU
		{C58F411E-9C2D-455C-85DC-9F451365D067}.Release|Any CPU.Build.0 = Release|Any CPU
		{C58F411E-9C2D-455C-85DC-9F451365D067}.Release|Any CPU.Deploy.0 = Release|Any CPU
		{C58F411E-9C2D-455C-85DC-9F451365D067}.Release|ARM.ActiveCfg = Release|ARM
		{C58F411E-9C2D-455C-85DC-9F451365D067}.Release|ARM.Build.0 = Release|ARM
		{C58F411E-9C2D-455C-85DC-9F451365D067}.Release|ARM.Deploy.0 = Release|ARM
		{C58F411E-9C2D-455C-85DC-9F451365D067}.Release|x86.ActiveCfg = Release|x86
		{C58F411E-9C2D-455C-85DC-9F451365D067}.Release|x86.Build.0 = Release|x86
		{C58F411E-9C2D-455C-85DC-9F451365D067}.Release|x86.Deploy.0 = Release|x86
		{7B301EA4-A340-4879-B02E-4744C9C45A8A}.Debug|Any CPU.ActiveCfg = Debug|Any CPU
		{7B301EA4-A340-4879-B02E-4744C9C45A8A}.Debug|Any CPU.Build.0 = Debug|Any CPU
		{7B301EA4-A340-4879-B02E-4744C9C45A8A}.Debug|Any CPU.Deploy.0 = Debug|Any CPU
		{7B301EA4-A340-4879-B02E-4744C9C45A8A}.Debug|ARM.ActiveCfg = Debug|ARM
		{7B301EA4-A340-4879-B02E-4744C9C45A8A}.Debug|ARM.Build.0 = Debug|ARM
		{7B301EA4-A340-4879-B02E-4744C9C45A8A}.Debug|ARM.Deploy.0 = Debug|ARM
		{7B301EA4-A340-4879-B02E-4744C9C45A8A}.Debug|x86.ActiveCfg = Debug|x86
		{7B301EA4-A340-4879-B02E-4744C9C45A8A}.Debug|x86.Build.0 = Debug|x86
		{7B301EA4-A340-4879-B02E-4744C9C45A8A}.Debug|x86.Deploy.0 = Debug|x86
		{7B301EA4-A340-4879-B02E-4744C9C45A8A}.Release|Any CPU.ActiveCfg = Release|Any CPU
		{7B301EA4-A340-4879-B02E-4744C9C45A8A}.Release|Any CPU.Build.0 = Release|Any CPU
		{7B301EA4-A340-4879-B02E-4744C9C45A8A}.Release|Any CPU.Deploy.0 = Release|Any CPU
		{7B301EA4-A340-4879-B02E-4744C9C45A8A}.Release|ARM.ActiveCfg = Release|ARM
		{7B301EA4-A340-4879-B02E-4744C9C45A8A}.Release|ARM.Build.0 = Release|ARM
		{7B301EA4-A340-4879-B02E-4744C9C45A8A}.Release|ARM.Deploy.0 = Release|ARM
		{7B301EA4-A340-4879-B02E-4744C9C45A8A}.Release|x86.ActiveCfg = Release|x86
		{7B301EA4-A340-4879-B02E-4744C9C45A8A}.Release|x86.Build.0 = Release|x86
		{7B301EA4-A340-4879-B02E-4744C9C45A8A}.Release|x86.Deploy.0 = Release|x86
		{404068F1-B6C7-4233-B124-226FFBBD2F7C}.Debug|Any CPU.ActiveCfg = Debug|Any CPU
		{404068F1-B6C7-4233-B124-226FFBBD2F7C}.Debug|Any CPU.Build.0 = Debug|Any CPU
		{404068F1-B6C7-4233-B124-226FFBBD2F7C}.Debug|Any CPU.Deploy.0 = Debug|Any CPU
		{404068F1-B6C7-4233-B124-226FFBBD2F7C}.Debug|ARM.ActiveCfg = Debug|ARM
		{404068F1-B6C7-4233-B124-226FFBBD2F7C}.Debug|ARM.Build.0 = Debug|ARM
		{404068F1-B6C7-4233-B124-226FFBBD2F7C}.Debug|ARM.Deploy.0 = Debug|ARM
		{404068F1-B6C7-4233-B124-226FFBBD2F7C}.Debug|x86.ActiveCfg = Debug|x86
		{404068F1-B6C7-4233-B124-226FFBBD2F7C}.Debug|x86.Build.0 = Debug|x86
		{404068F1-B6C7-4233-B124-226FFBBD2F7C}.Debug|x86.Deploy.0 = Debug|x86
		{404068F1-B6C7-4233-B124-226FFBBD2F7C}.Release|Any CPU.ActiveCfg = Release|Any CPU
		{404068F1-B6C7-4233-B124-226FFBBD2F7C}.Release|Any CPU.Build.0 = Release|Any CPU
		{404068F1-B6C7-4233-B124-226FFBBD2F7C}.Release|Any CPU.Deploy.0 = Release|Any CPU
		{404068F1-B6C7-4233-B124-226FFBBD2F7C}.Release|ARM.ActiveCfg = Release|ARM
		{404068F1-B6C7-4233-B124-226FFBBD2F7C}.Release|ARM.Build.0 = Release|ARM
		{404068F1-B6C7-4233-B124-226FFBBD2F7C}.Release|ARM.Deploy.0 = Release|ARM
		{404068F1-B6C7-4233-B124-226FFBBD2F7C}.Release|x86.ActiveCfg = Release|x86
		{404068F1-B6C7-4233-B124-226FFBBD2F7C}.Release|x86.Build.0 = Release|x86
		{404068F1-B6C7-4233-B124-226FFBBD2F7C}.Release|x86.Deploy.0 = Release|x86
		{57003F94-0FC4-4719-ACC7-5F71B06661D4}.Debug|Any CPU.ActiveCfg = Debug|Any CPU
		{57003F94-0FC4-4719-ACC7-5F71B06661D4}.Debug|Any CPU.Build.0 = Debug|Any CPU
		{57003F94-0FC4-4719-ACC7-5F71B06661D4}.Debug|Any CPU.Deploy.0 = Debug|Any CPU
		{57003F94-0FC4-4719-ACC7-5F71B06661D4}.Debug|ARM.ActiveCfg = Debug|ARM
		{57003F94-0FC4-4719-ACC7-5F71B06661D4}.Debug|ARM.Build.0 = Debug|ARM
		{57003F94-0FC4-4719-ACC7-5F71B06661D4}.Debug|ARM.Deploy.0 = Debug|ARM
		{57003F94-0FC4-4719-ACC7-5F71B06661D4}.Debug|x86.ActiveCfg = Debug|x86
		{57003F94-0FC4-4719-ACC7-5F71B06661D4}.Debug|x86.Build.0 = Debug|x86
		{57003F94-0FC4-4719-ACC7-5F71B06661D4}.Debug|x86.Deploy.0 = Debug|x86
		{57003F94-0FC4-4719-ACC7-5F71B06661D4}.Release|Any CPU.ActiveCfg = Release|Any CPU
		{57003F94-0FC4-4719-ACC7-5F71B06661D4}.Release|Any CPU.Build.0 = Release|Any CPU
		{57003F94-0FC4-4719-ACC7-5F71B06661D4}.Release|Any CPU.Deploy.0 = Release|Any CPU
		{57003F94-0FC4-4719-ACC7-5F71B06661D4}.Release|ARM.ActiveCfg = Release|ARM
		{57003F94-0FC4-4719-ACC7-5F71B06661D4}.Release|ARM.Build.0 = Release|ARM
		{57003F94-0FC4-4719-ACC7-5F71B06661D4}.Release|ARM.Deploy.0 = Release|ARM
		{57003F94-0FC4-4719-ACC7-5F71B06661D4}.Release|x86.ActiveCfg = Release|x86
		{57003F94-0FC4-4719-ACC7-5F71B06661D4}.Release|x86.Build.0 = Release|x86
		{57003F94-0FC4-4719-ACC7-5F71B06661D4}.Release|x86.Deploy.0 = Release|x86
		{CDB16A68-0225-4C55-8C8F-9FDCD16AF2C7}.Debug|Any CPU.ActiveCfg = Debug|Any CPU
		{CDB16A68-0225-4C55-8C8F-9FDCD16AF2C7}.Debug|Any CPU.Build.0 = Debug|Any CPU
		{CDB16A68-0225-4C55-8C8F-9FDCD16AF2C7}.Debug|Any CPU.Deploy.0 = Debug|Any CPU
		{CDB16A68-0225-4C55-8C8F-9FDCD16AF2C7}.Debug|ARM.ActiveCfg = Debug|ARM
		{CDB16A68-0225-4C55-8C8F-9FDCD16AF2C7}.Debug|ARM.Build.0 = Debug|ARM
		{CDB16A68-0225-4C55-8C8F-9FDCD16AF2C7}.Debug|ARM.Deploy.0 = Debug|ARM
		{CDB16A68-0225-4C55-8C8F-9FDCD16AF2C7}.Debug|x86.ActiveCfg = Debug|x86
		{CDB16A68-0225-4C55-8C8F-9FDCD16AF2C7}.Debug|x86.Build.0 = Debug|x86
		{CDB16A68-0225-4C55-8C8F-9FDCD16AF2C7}.Debug|x86.Deploy.0 = Debug|x86
		{CDB16A68-0225-4C55-8C8F-9FDCD16AF2C7}.Release|Any CPU.ActiveCfg = Release|Any CPU
		{CDB16A68-0225-4C55-8C8F-9FDCD16AF2C7}.Release|Any CPU.Build.0 = Release|Any CPU
		{CDB16A68-0225-4C55-8C8F-9FDCD16AF2C7}.Release|Any CPU.Deploy.0 = Release|Any CPU
		{CDB16A68-0225-4C55-8C8F-9FDCD16AF2C7}.Release|ARM.ActiveCfg = Release|ARM
		{CDB16A68-0225-4C55-8C8F-9FDCD16AF2C7}.Release|ARM.Build.0 = Release|ARM
		{CDB16A68-0225-4C55-8C8F-9FDCD16AF2C7}.Release|ARM.Deploy.0 = Release|ARM
		{CDB16A68-0225-4C55-8C8F-9FDCD16AF2C7}.Release|x86.ActiveCfg = Release|x86
		{CDB16A68-0225-4C55-8C8F-9FDCD16AF2C7}.Release|x86.Build.0 = Release|x86
		{CDB16A68-0225-4C55-8C8F-9FDCD16AF2C7}.Release|x86.Deploy.0 = Release|x86
		{9A33B07A-6A16-4272-964F-C7F3B5BDEC45}.Debug|Any CPU.ActiveCfg = Debug|Any CPU
		{9A33B07A-6A16-4272-964F-C7F3B5BDEC45}.Debug|Any CPU.Build.0 = Debug|Any CPU
		{9A33B07A-6A16-4272-964F-C7F3B5BDEC45}.Debug|Any CPU.Deploy.0 = Debug|Any CPU
		{9A33B07A-6A16-4272-964F-C7F3B5BDEC45}.Debug|ARM.ActiveCfg = Debug|ARM
		{9A33B07A-6A16-4272-964F-C7F3B5BDEC45}.Debug|ARM.Build.0 = Debug|ARM
		{9A33B07A-6A16-4272-964F-C7F3B5BDEC45}.Debug|ARM.Deploy.0 = Debug|ARM
		{9A33B07A-6A16-4272-964F-C7F3B5BDEC45}.Debug|x86.ActiveCfg = Debug|x86
		{9A33B07A-6A16-4272-964F-C7F3B5BDEC45}.Debug|x86.Build.0 = Debug|x86
		{9A33B07A-6A16-4272-964F-C7F3B5BDEC45}.Debug|x86.Deploy.0 = Debug|x86
		{9A33B07A-6A16-4272-964F-C7F3B5BDEC45}.Release|Any CPU.ActiveCfg = Release|Any CPU
		{9A33B07A-6A16-4272-964F-C7F3B5BDEC45}.Release|Any CPU.Build.0 = Release|Any CPU
		{9A33B07A-6A16-4272-964F-C7F3B5BDEC45}.Release|Any CPU.Deploy.0 = Release|Any CPU
		{9A33B07A-6A16-4272-964F-C7F3B5BDEC45}.Release|ARM.ActiveCfg = Release|ARM
		{9A33B07A-6A16-4272-964F-C7F3B5BDEC45}.Release|ARM.Build.0 = Release|ARM
		{9A33B07A-6A16-4272-964F-C7F3B5BDEC45}.Release|ARM.Deploy.0 = Release|ARM
		{9A33B07A-6A16-4272-964F-C7F3B5BDEC45}.Release|x86.ActiveCfg = Release|x86
		{9A33B07A-6A16-4272-964F-C7F3B5BDEC45}.Release|x86.Build.0 = Release|x86
		{9A33B07A-6A16-4272-964F-C7F3B5BDEC45}.Release|x86.Deploy.0 = Release|x86
	EndGlobalSection
	GlobalSection(SolutionProperties) = preSolution
		HideSolutionNode = FALSE
	EndGlobalSection
EndGlobal
